Microsoft Visual Studio Solution File, Format Version 12.00
# Visual Studio Version 17
VisualStudioVersion = 17.5.002.0
MinimumVisualStudioVersion = 10.0.40219.1
Project("{9A19103F-16F7-4668-BE54-9A1E7A4F7556}") = "pjsua2.maui.android", "pjsua2.maui.android\pjsua2.maui.android.csproj", "{10B84792-CC52-4B67-A1FB-4F5304AFFE32}"
EndProject
Project("{9A19103F-16F7-4668-BE54-9A1E7A4F7556}") = "pjsua2.maui.ios", "pjsua2.maui.ios\pjsua2.maui.ios.csproj", "{067940AA-9BAA-4B04-8EEE-9F2E151E7B09}"
EndProject
Project("{FAE04EC0-301F-11D3-BF4B-00C04F79EFBC}") = "pjsua2.maui", "pjsua2.maui\pjsua2.maui.csproj", "{7A427264-3860-4F5A-9B26-F3BA634F7670}"
EndProject
Global
	GlobalSection(SolutionConfigurationPlatforms) = preSolution
		Debug|Any CPU = Debug|Any CPU
		Release|Any CPU = Release|Any CPU
	EndGlobalSection
	GlobalSection(ProjectConfigurationPlatforms) = postSolution
		{10B84792-CC52-4B67-A1FB-4F5304AFFE32}.Debug|Any CPU.ActiveCfg = Debug|Any CPU
		{10B84792-CC52-4B67-A1FB-4F5304AFFE32}.Debug|Any CPU.Build.0 = Debug|Any CPU
		{10B84792-CC52-4B67-A1FB-4F5304AFFE32}.Release|Any CPU.ActiveCfg = Release|Any CPU
		{10B84792-CC52-4B67-A1FB-4F5304AFFE32}.Release|Any CPU.Build.0 = Release|Any CPU
		{067940AA-9BAA-4B04-8EEE-9F2E151E7B09}.Debug|Any CPU.ActiveCfg = Debug|Any CPU
		{067940AA-9BAA-4B04-8EEE-9F2E151E7B09}.Debug|Any CPU.Build.0 = Debug|Any CPU
		{067940AA-9BAA-4B04-8EEE-9F2E151E7B09}.Release|Any CPU.ActiveCfg = Release|Any CPU
		{067940AA-9BAA-4B04-8EEE-9F2E151E7B09}.Release|Any CPU.Build.0 = Release|Any CPU
		{7A427264-3860-4F5A-9B26-F3BA634F7670}.Debug|Any CPU.ActiveCfg = Debug|Any CPU
		{7A427264-3860-4F5A-9B26-F3BA634F7670}.Debug|Any CPU.Build.0 = Debug|Any CPU
		{7A427264-3860-4F5A-9B26-F3BA634F7670}.Release|Any CPU.ActiveCfg = Release|Any CPU
		{7A427264-3860-4F5A-9B26-F3BA634F7670}.Release|Any CPU.Build.0 = Release|Any CPU
	EndGlobalSection
	GlobalSection(SolutionProperties) = preSolution
		HideSolutionNode = FALSE
	EndGlobalSection
	GlobalSection(ExtensibilityGlobals) = postSolution
		SolutionGuid = {10EDA25E-14D5-4EC8-9142-DF425C1440C6}
	EndGlobalSection
EndGlobal
